
Microsoft Visual Studio Solution File, Format Version 12.00
# Visual Studio 15
VisualStudioVersion = 15.0.28307.1062
MinimumVisualStudioVersion = 10.0.40219.1
Project("{FAE04EC0-301F-11D3-BF4B-00C04F79EFBC}") = "WebApplication3", "WebApplication3\WebApplication3.csproj", "{E9C088E4-EFCB-4F2C-BE0C-87CCF9462C9D}"
EndProject
Global
	GlobalSection(SolutionConfigurationPlatforms) = preSolution
		Debug|Any CPU = Debug|Any CPU
		Release|Any CPU = Release|Any CPU
	EndGlobalSection
	GlobalSection(ProjectConfigurationPlatforms) = postSolution
		{E9C088E4-EFCB-4F2C-BE0C-87CCF9462C9D}.Debug|Any CPU.ActiveCfg = Debug|Any CPU
		{E9C088E4-EFCB-4F2C-BE0C-87CCF9462C9D}.Debug|Any CPU.Build.0 = Debug|Any CPU
		{E9C088E4-EFCB-4F2C-BE0C-87CCF9462C9D}.Release|Any CPU.ActiveCfg = Release|Any CPU
		{E9C088E4-EFCB-4F2C-BE0C-87CCF9462C9D}.Release|Any CPU.Build.0 = Release|Any CPU
	EndGlobalSection
	GlobalSection(SolutionProperties) = preSolution
		HideSolutionNode = FALSE
	EndGlobalSection
	GlobalSection(ExtensibilityGlobals) = postSolution
		SolutionGuid = {D4852E6B-4244-4BC5-8FBC-A09404EFF342}
	EndGlobalSection
EndGlobal
